
Microsoft Visual Studio Solution File, Format Version 12.00
Project("{FAE04EC0-301F-11D3-BF4B-00C04F79EFBC}") = "ConsoleApp111125", "ConsoleApp111125\ConsoleApp111125.csproj", "{BD8E8345-82F6-4ABC-83A6-2135296AECE3}"
EndProject
Project("{FAE04EC0-301F-11D3-BF4B-00C04F79EFBC}") = "TestProject111125", "TestProject111125\TestProject111125.csproj", "{BC182C53-96C1-4BEC-9C96-3006EBB084FB}"
EndProject
Project("{FAE04EC0-301F-11D3-BF4B-00C04F79EFBC}") = "Playground", "Playground\Playground.csproj", "{F3C485F4-5C8E-4F83-905E-20857B406A9E}"
EndProject
Project("{FAE04EC0-301F-11D3-BF4B-00C04F79EFBC}") = "BooleanOperators", "BooleanOperators\BooleanOperators.csproj", "{DF7F9510-BDE4-4C99-BC7D-9433567325DF}"
EndProject
Project("{FAE04EC0-301F-11D3-BF4B-00C04F79EFBC}") = "OddNumbersOnlyApp", "OddNumbersOnlyApp\OddNumbersOnlyApp.csproj", "{3BD7815C-82B4-445B-A34B-7508F26114EE}"
EndProject
Project("{FAE04EC0-301F-11D3-BF4B-00C04F79EFBC}") = "OddNumbersOnlyTest", "OddNumbersOnlyTest\OddNumbersOnlyTest.csproj", "{33BE940E-BA77-4E1A-8856-F4029437FCAF}"
EndProject
Project("{FAE04EC0-301F-11D3-BF4B-00C04F79EFBC}") = "PositiveNumbersOnlyTest", "PositiveNumbersOnlyTest\PositiveNumbersOnlyTest.csproj", "{D76C0791-20BC-4F81-BA86-546C54EB1A95}"
EndProject
Project("{FAE04EC0-301F-11D3-BF4B-00C04F79EFBC}") = "PositiveNumbersOnlyApp", "PositiveNumbersOnlyApp\PositiveNumbersOnlyApp.csproj", "{97C4EE82-A477-4909-86B2-4FBD218A9FDA}"
EndProject
Project("{FAE04EC0-301F-11D3-BF4B-00C04F79EFBC}") = "FirstOddNumberApp", "FirstOddNumberApp\FirstOddNumberApp.csproj", "{21055E6B-9345-4029-B6C9-0AAF0C2DF7AE}"
EndProject
Project("{FAE04EC0-301F-11D3-BF4B-00C04F79EFBC}") = "FirstOddNumberTest", "FirstOddNumberTest\FirstOddNumberTest.csproj", "{F74EEBB0-45B7-4881-94D3-D24CF8B61018}"
EndProject
Global
	GlobalSection(SolutionConfigurationPlatforms) = preSolution
		Debug|Any CPU = Debug|Any CPU
		Release|Any CPU = Release|Any CPU
	EndGlobalSection
	GlobalSection(ProjectConfigurationPlatforms) = postSolution
		{BD8E8345-82F6-4ABC-83A6-2135296AECE3}.Debug|Any CPU.ActiveCfg = Debug|Any CPU
		{BD8E8345-82F6-4ABC-83A6-2135296AECE3}.Debug|Any CPU.Build.0 = Debug|Any CPU
		{BD8E8345-82F6-4ABC-83A6-2135296AECE3}.Release|Any CPU.ActiveCfg = Release|Any CPU
		{BD8E8345-82F6-4ABC-83A6-2135296AECE3}.Release|Any CPU.Build.0 = Release|Any CPU
		{BC182C53-96C1-4BEC-9C96-3006EBB084FB}.Debug|Any CPU.ActiveCfg = Debug|Any CPU
		{BC182C53-96C1-4BEC-9C96-3006EBB084FB}.Debug|Any CPU.Build.0 = Debug|Any CPU
		{BC182C53-96C1-4BEC-9C96-3006EBB084FB}.Release|Any CPU.ActiveCfg = Release|Any CPU
		{BC182C53-96C1-4BEC-9C96-3006EBB084FB}.Release|Any CPU.Build.0 = Release|Any CPU
		{F3C485F4-5C8E-4F83-905E-20857B406A9E}.Debug|Any CPU.ActiveCfg = Debug|Any CPU
		{F3C485F4-5C8E-4F83-905E-20857B406A9E}.Debug|Any CPU.Build.0 = Debug|Any CPU
		{F3C485F4-5C8E-4F83-905E-20857B406A9E}.Release|Any CPU.ActiveCfg = Release|Any CPU
		{F3C485F4-5C8E-4F83-905E-20857B406A9E}.Release|Any CPU.Build.0 = Release|Any CPU
		{DF7F9510-BDE4-4C99-BC7D-9433567325DF}.Debug|Any CPU.ActiveCfg = Debug|Any CPU
		{DF7F9510-BDE4-4C99-BC7D-9433567325DF}.Debug|Any CPU.Build.0 = Debug|Any CPU
		{DF7F9510-BDE4-4C99-BC7D-9433567325DF}.Release|Any CPU.ActiveCfg = Release|Any CPU
		{DF7F9510-BDE4-4C99-BC7D-9433567325DF}.Release|Any CPU.Build.0 = Release|Any CPU
		{3BD7815C-82B4-445B-A34B-7508F26114EE}.Debug|Any CPU.ActiveCfg = Debug|Any CPU
		{3BD7815C-82B4-445B-A34B-7508F26114EE}.Debug|Any CPU.Build.0 = Debug|Any CPU
		{3BD7815C-82B4-445B-A34B-7508F26114EE}.Release|Any CPU.ActiveCfg = Release|Any CPU
		{3BD7815C-82B4-445B-A34B-7508F26114EE}.Release|Any CPU.Build.0 = Release|Any CPU
		{33BE940E-BA77-4E1A-8856-F4029437FCAF}.Debug|Any CPU.ActiveCfg = Debug|Any CPU
		{33BE940E-BA77-4E1A-8856-F4029437FCAF}.Debug|Any CPU.Build.0 = Debug|Any CPU
		{33BE940E-BA77-4E1A-8856-F4029437FCAF}.Release|Any CPU.ActiveCfg = Release|Any CPU
		{33BE940E-BA77-4E1A-8856-F4029437FCAF}.Release|Any CPU.Build.0 = Release|Any CPU
		{D76C0791-20BC-4F81-BA86-546C54EB1A95}.Debug|Any CPU.ActiveCfg = Debug|Any CPU
		{D76C0791-20BC-4F81-BA86-546C54EB1A95}.Debug|Any CPU.Build.0 = Debug|Any CPU
		{D76C0791-20BC-4F81-BA86-546C54EB1A95}.Release|Any CPU.ActiveCfg = Release|Any CPU
		{D76C0791-20BC-4F81-BA86-546C54EB1A95}.Release|Any CPU.Build.0 = Release|Any CPU
		{97C4EE82-A477-4909-86B2-4FBD218A9FDA}.Debug|Any CPU.ActiveCfg = Debug|Any CPU
		{97C4EE82-A477-4909-86B2-4FBD218A9FDA}.Debug|Any CPU.Build.0 = Debug|Any CPU
		{97C4EE82-A477-4909-86B2-4FBD218A9FDA}.Release|Any CPU.ActiveCfg = Release|Any CPU
		{97C4EE82-A477-4909-86B2-4FBD218A9FDA}.Release|Any CPU.Build.0 = Release|Any CPU
		{21055E6B-9345-4029-B6C9-0AAF0C2DF7AE}.Debug|Any CPU.ActiveCfg = Debug|Any CPU
		{21055E6B-9345-4029-B6C9-0AAF0C2DF7AE}.Debug|Any CPU.Build.0 = Debug|Any CPU
		{21055E6B-9345-4029-B6C9-0AAF0C2DF7AE}.Release|Any CPU.ActiveCfg = Release|Any CPU
		{21055E6B-9345-4029-B6C9-0AAF0C2DF7AE}.Release|Any CPU.Build.0 = Release|Any CPU
		{F74EEBB0-45B7-4881-94D3-D24CF8B61018}.Debug|Any CPU.ActiveCfg = Debug|Any CPU
		{F74EEBB0-45B7-4881-94D3-D24CF8B61018}.Debug|Any CPU.Build.0 = Debug|Any CPU
		{F74EEBB0-45B7-4881-94D3-D24CF8B61018}.Release|Any CPU.ActiveCfg = Release|Any CPU
		{F74EEBB0-45B7-4881-94D3-D24CF8B61018}.Release|Any CPU.Build.0 = Release|Any CPU
	EndGlobalSection
EndGlobal
